
Microsoft Visual Studio Solution File, Format Version 12.00
# Visual Studio Version 17
VisualStudioVersion = 17.5.002.0
MinimumVisualStudioVersion = 10.0.40219.1
Project("{9A19103F-16F7-4668-BE54-9A1E7A4F7556}") = "es25", "es25.csproj", "{E5497F71-FD00-49BF-B703-38F92824076C}"
EndProject
Global
	GlobalSection(SolutionConfigurationPlatforms) = preSolution
		Debug|Any CPU = Debug|Any CPU
		Release|Any CPU = Release|Any CPU
	EndGlobalSection
	GlobalSection(ProjectConfigurationPlatforms) = postSolution
		{E5497F71-FD00-49BF-B703-38F92824076C}.Debug|Any CPU.ActiveCfg = Debug|Any CPU
		{E5497F71-FD00-49BF-B703-38F92824076C}.Debug|Any CPU.Build.0 = Debug|Any CPU
		{E5497F71-FD00-49BF-B703-38F92824076C}.Release|Any CPU.ActiveCfg = Release|Any CPU
		{E5497F71-FD00-49BF-B703-38F92824076C}.Release|Any CPU.Build.0 = Release|Any CPU
	EndGlobalSection
	GlobalSection(SolutionProperties) = preSolution
		HideSolutionNode = FALSE
	EndGlobalSection
	GlobalSection(ExtensibilityGlobals) = postSolution
		SolutionGuid = {D3D23E53-73EE-4244-8057-8065BA9CD5B6}
	EndGlobalSection
EndGlobal
